// !$*UTF8*$!
{
	archiveVersion = 1;
	classes = {
	};
	objectVersion = 46;
	objects = {

/* Begin PBXBuildFile section */
		716C68D51A35754E00CBAB1C /* AnimatingViewController.m in Sources */ = {isa = PBXBuildFile; fileRef = 716C68CA1A35754E00CBAB1C /* AnimatingViewController.m */; };
		716C68D61A35754E00CBAB1C /* AnimatingViewController.xib in Resources */ = {isa = PBXBuildFile; fileRef = 716C68CB1A35754E00CBAB1C /* AnimatingViewController.xib */; };
		716C68D71A35754E00CBAB1C /* BackListViewController.m in Sources */ = {isa = PBXBuildFile; fileRef = 716C68CD1A35754E00CBAB1C /* BackListViewController.m */; };
		716C68D81A35754E00CBAB1C /* BackListViewController.xib in Resources */ = {isa = PBXBuildFile; fileRef = 716C68CE1A35754E00CBAB1C /* BackListViewController.xib */; };
		716C68D91A35754E00CBAB1C /* FNCCALayerDrawingDelegate.m in Sources */ = {isa = PBXBuildFile; fileRef = 716C68D01A35754E00CBAB1C /* FNCCALayerDrawingDelegate.m */; };
		716C68DA1A35754E00CBAB1C /* FNCPieGraphController.m in Sources */ = {isa = PBXBuildFile; fileRef = 716C68D21A35754E00CBAB1C /* FNCPieGraphController.m */; };
		716C68DB1A35754E00CBAB1C /* TextInputViewController.m in Sources */ = {isa = PBXBuildFile; fileRef = 716C68D41A35754E00CBAB1C /* TextInputViewController.m */; };
		716C68E01A35756100CBAB1C /* Decision.m in Sources */ = {isa = PBXBuildFile; fileRef = 716C68DD1A35756100CBAB1C /* Decision.m */; };
		716C68E11A35756100CBAB1C /* MADDisc.xcdatamodeld in Sources */ = {isa = PBXBuildFile; fileRef = 716C68DE1A35756100CBAB1C /* MADDisc.xcdatamodeld */; };
		716C68EE1A35757100CBAB1C /* AnimationView.m in Sources */ = {isa = PBXBuildFile; fileRef = 716C68E31A35757100CBAB1C /* AnimationView.m */; };
		716C68EF1A35757100CBAB1C /* FNCCheckItemCell.m in Sources */ = {isa = PBXBuildFile; fileRef = 716C68E51A35757100CBAB1C /* FNCCheckItemCell.m */; };
		716C68F01A35757100CBAB1C /* FNCCheckItemView.m in Sources */ = {isa = PBXBuildFile; fileRef = 716C68E71A35757100CBAB1C /* FNCCheckItemView.m */; };
		716C68F11A35757100CBAB1C /* FNCRoundButton.m in Sources */ = {isa = PBXBuildFile; fileRef = 716C68E91A35757100CBAB1C /* FNCRoundButton.m */; };
		716C68F21A35757100CBAB1C /* MADBackgroundView.m in Sources */ = {isa = PBXBuildFile; fileRef = 716C68EB1A35757100CBAB1C /* MADBackgroundView.m */; };
		716C68F31A35757100CBAB1C /* PieChartView.m in Sources */ = {isa = PBXBuildFile; fileRef = 716C68ED1A35757100CBAB1C /* PieChartView.m */; };
		B22D13D013DBA50B00BEC1E0 /* AppLogo.png in Resources */ = {isa = PBXBuildFile; fileRef = B22D13CE13DBA50B00BEC1E0 /* AppLogo.png */; };
		B22D13D113DBA50B00BEC1E0 /* FurnaceLogo.png in Resources */ = {isa = PBXBuildFile; fileRef = B22D13CF13DBA50B00BEC1E0 /* FurnaceLogo.png */; };
		B22D13D513DBAA1700BEC1E0 /* EntryIcon.png in Resources */ = {isa = PBXBuildFile; fileRef = B22D13D413DBAA1700BEC1E0 /* EntryIcon.png */; };
		B232D25F13DC82EB0082D731 /* UIView+ImageOutput.m in Sources */ = {isa = PBXBuildFile; fileRef = B232D25E13DC82EB0082D731 /* UIView+ImageOutput.m */; };
		B232D26113DD03CF0082D731 /* ColorPreset.plist in Resources */ = {isa = PBXBuildFile; fileRef = B232D26013DD03CF0082D731 /* ColorPreset.plist */; };
		B27774CC139E3FBC00ADD035 /* UIKit.framework in Frameworks */ = {isa = PBXBuildFile; fileRef = B27774CB139E3FBC00ADD035 /* UIKit.framework */; };
		B27774CE139E3FBC00ADD035 /* Foundation.framework in Frameworks */ = {isa = PBXBuildFile; fileRef = B27774CD139E3FBC00ADD035 /* Foundation.framework */; };
		B27774D0139E3FBC00ADD035 /* CoreGraphics.framework in Frameworks */ = {isa = PBXBuildFile; fileRef = B27774CF139E3FBC00ADD035 /* CoreGraphics.framework */; };
		B27774D2139E3FBC00ADD035 /* CoreData.framework in Frameworks */ = {isa = PBXBuildFile; fileRef = B27774D1139E3FBC00ADD035 /* CoreData.framework */; };
		B27774DB139E3FBC00ADD035 /* main.m in Sources */ = {isa = PBXBuildFile; fileRef = B27774DA139E3FBC00ADD035 /* main.m */; };
		B27774DE139E3FBC00ADD035 /* MADDiscAppDelegate.m in Sources */ = {isa = PBXBuildFile; fileRef = B27774DD139E3FBC00ADD035 /* MADDiscAppDelegate.m */; };
		B27774F9139E476E00ADD035 /* QuartzCore.framework in Frameworks */ = {isa = PBXBuildFile; fileRef = B27774F8139E476E00ADD035 /* QuartzCore.framework */; };
		B287ADFD13C2DFA400A20D66 /* MADBackground.png in Resources */ = {isa = PBXBuildFile; fileRef = B287ADFB13C2DFA400A20D66 /* MADBackground.png */; };
		B294176D13D672650036FCFB /* AudioToolbox.framework in Frameworks */ = {isa = PBXBuildFile; fileRef = B294176C13D672650036FCFB /* AudioToolbox.framework */; };
		B294176F13D6726F0036FCFB /* MessageUI.framework in Frameworks */ = {isa = PBXBuildFile; fileRef = B294176E13D6726F0036FCFB /* MessageUI.framework */; };
		B294177113D672820036FCFB /* SystemConfiguration.framework in Frameworks */ = {isa = PBXBuildFile; fileRef = B294177013D672820036FCFB /* SystemConfiguration.framework */; };
		B2A2B88B13DDE631005163D6 /* InfoPlist.strings in Resources */ = {isa = PBXBuildFile; fileRef = B2A2B88D13DDE631005163D6 /* InfoPlist.strings */; };
		B2BE1E6313DDE2F500245038 /* MainWindow.xib in Resources */ = {isa = PBXBuildFile; fileRef = B2BE1E6413DDE2F500245038 /* MainWindow.xib */; };
		B2D033C313D71BF100428DF9 /* Localizable.strings in Resources */ = {isa = PBXBuildFile; fileRef = B2D033C113D71BF100428DF9 /* Localizable.strings */; };
		B2D033CA13D727C000428DF9 /* UserSelectionDefault.plist in Resources */ = {isa = PBXBuildFile; fileRef = B2D033CC13D727C000428DF9 /* UserSelectionDefault.plist */; };
		B2E2B95513DDC48C00F4CE84 /* LongHand001.png in Resources */ = {isa = PBXBuildFile; fileRef = B2E2B95413DDC48C00F4CE84 /* LongHand001.png */; };
		B2E2B95813DDC4EA00F4CE84 /* LongHand003.png in Resources */ = {isa = PBXBuildFile; fileRef = B2E2B95613DDC4EA00F4CE84 /* LongHand003.png */; };
		B2E2B95913DDC4EA00F4CE84 /* LongHand002.png in Resources */ = {isa = PBXBuildFile; fileRef = B2E2B95713DDC4EA00F4CE84 /* LongHand002.png */; };
		B2F73FAD13DE815F0087BB73 /* Icon.png in Resources */ = {isa = PBXBuildFile; fileRef = B2F73FAC13DE815F0087BB73 /* Icon.png */; };
		B2F73FAF13DE816F0087BB73 /* Icon@2x.png in Resources */ = {isa = PBXBuildFile; fileRef = B2F73FAE13DE816F0087BB73 /* Icon@2x.png */; };
		B2F73FB113DE81D30087BB73 /* iTuneArtWork in Resources */ = {isa = PBXBuildFile; fileRef = B2F73FB013DE81D30087BB73 /* iTuneArtWork */; };
		B2F73FB313DE82100087BB73 /* Default@2x.png in Resources */ = {isa = PBXBuildFile; fileRef = B2F73FB213DE82100087BB73 /* Default@2x.png */; };
		B2F73FB513DE82170087BB73 /* Default.png in Resources */ = {isa = PBXBuildFile; fileRef = B2F73FB413DE82170087BB73 /* Default.png */; };
		B2FEB5FC13D94E8B00BE3E8B /* SelectAll.png in Resources */ = {isa = PBXBuildFile; fileRef = B2FEB5FB13D94E8B00BE3E8B /* SelectAll.png */; };
		B2FEB5FE13D94FB700BE3E8B /* FNCUnChecked@2x.png in Resources */ = {isa = PBXBuildFile; fileRef = B2FEB5FD13D94FB600BE3E8B /* FNCUnChecked@2x.png */; };
		B2FEB60013D94FEE00BE3E8B /* FNCChecked@2x.png in Resources */ = {isa = PBXBuildFile; fileRef = B2FEB5FF13D94FEE00BE3E8B /* FNCChecked@2x.png */; };
		B2FEB60213D9511500BE3E8B /* GrayMinusCircle.png in Resources */ = {isa = PBXBuildFile; fileRef = B2FEB60113D9511500BE3E8B /* GrayMinusCircle.png */; };
		B2FEB60613D953FA00BE3E8B /* BluePlusCircle.png in Resources */ = {isa = PBXBuildFile; fileRef = B2FEB60513D953F900BE3E8B /* BluePlusCircle.png */; };
		B2FEB60913D954F300BE3E8B /* GreenPlusCircle.png in Resources */ = {isa = PBXBuildFile; fileRef = B2FEB60713D954F300BE3E8B /* GreenPlusCircle.png */; };
		B2FEB60A13D954F300BE3E8B /* RedPlusCircle.png in Resources */ = {isa = PBXBuildFile; fileRef = B2FEB60813D954F300BE3E8B /* RedPlusCircle.png */; };
/* End PBXBuildFile section */

/* Begin PBXFileReference section */
		716C68C91A35754E00CBAB1C /* AnimatingViewController.h */ = {isa = PBXFileReference; fileEncoding = 4; lastKnownFileType = sourcecode.c.h; path = AnimatingViewController.h; sourceTree = "<group>"; };
		716C68CA1A35754E00CBAB1C /* AnimatingViewController.m */ = {isa = PBXFileReference; fileEncoding = 4; lastKnownFileType = sourcecode.c.objc; path = AnimatingViewController.m; sourceTree = "<group>"; };
		716C68CB1A35754E00CBAB1C /* AnimatingViewController.xib */ = {isa = PBXFileReference; fileEncoding = 4; lastKnownFileType = file.xib; path = AnimatingViewController.xib; sourceTree = "<group>"; };
		716C68CC1A35754E00CBAB1C /* BackListViewController.h */ = {isa = PBXFileReference; fileEncoding = 4; lastKnownFileType = sourcecode.c.h; path = BackListViewController.h; sourceTree = "<group>"; };
		716C68CD1A35754E00CBAB1C /* BackListViewController.m */ = {isa = PBXFileReference; fileEncoding = 4; lastKnownFileType = sourcecode.c.objc; path = BackListViewController.m; sourceTree = "<group>"; };
		716C68CE1A35754E00CBAB1C /* BackListViewController.xib */ = {isa = PBXFileReference; fileEncoding = 4; lastKnownFileType = file.xib; path = BackListViewController.xib; sourceTree = "<group>"; };
		716C68CF1A35754E00CBAB1C /* FNCCALayerDrawingDelegate.h */ = {isa = PBXFileReference; fileEncoding = 4; lastKnownFileType = sourcecode.c.h; path = FNCCALayerDrawingDelegate.h; sourceTree = "<group>"; };
		716C68D01A35754E00CBAB1C /* FNCCALayerDrawingDelegate.m */ = {isa = PBXFileReference; fileEncoding = 4; lastKnownFileType = sourcecode.c.objc; path = FNCCALayerDrawingDelegate.m; sourceTree = "<group>"; };
		716C68D11A35754E00CBAB1C /* FNCPieGraphController.h */ = {isa = PBXFileReference; fileEncoding = 4; lastKnownFileType = sourcecode.c.h; path = FNCPieGraphController.h; sourceTree = "<group>"; };
		716C68D21A35754E00CBAB1C /* FNCPieGraphController.m */ = {isa = PBXFileReference; fileEncoding = 4; lastKnownFileType = sourcecode.c.objc; path = FNCPieGraphController.m; sourceTree = "<group>"; };
		716C68D31A35754E00CBAB1C /* TextInputViewController.h */ = {isa = PBXFileReference; fileEncoding = 4; lastKnownFileType = sourcecode.c.h; path = TextInputViewController.h; sourceTree = "<group>"; };
		716C68D41A35754E00CBAB1C /* TextInputViewController.m */ = {isa = PBXFileReference; fileEncoding = 4; lastKnownFileType = sourcecode.c.objc; path = TextInputViewController.m; sourceTree = "<group>"; };
		716C68DC1A35756100CBAB1C /* Decision.h */ = {isa = PBXFileReference; fileEncoding = 4; lastKnownFileType = sourcecode.c.h; path = Decision.h; sourceTree = "<group>"; };
		716C68DD1A35756100CBAB1C /* Decision.m */ = {isa = PBXFileReference; fileEncoding = 4; lastKnownFileType = sourcecode.c.objc; path = Decision.m; sourceTree = "<group>"; };
		716C68DF1A35756100CBAB1C /* MADDisc.xcdatamodel */ = {isa = PBXFileReference; lastKnownFileType = wrapper.xcdatamodel; path = MADDisc.xcdatamodel; sourceTree = "<group>"; };
		716C68E21A35757100CBAB1C /* AnimationView.h */ = {isa = PBXFileReference; fileEncoding = 4; lastKnownFileType = sourcecode.c.h; path = AnimationView.h; sourceTree = "<group>"; };
		716C68E31A35757100CBAB1C /* AnimationView.m */ = {isa = PBXFileReference; fileEncoding = 4; lastKnownFileType = sourcecode.c.objc; path = AnimationView.m; sourceTree = "<group>"; };
		716C68E41A35757100CBAB1C /* FNCCheckItemCell.h */ = {isa = PBXFileReference; fileEncoding = 4; lastKnownFileType = sourcecode.c.h; path = FNCCheckItemCell.h; sourceTree = "<group>"; };
		716C68E51A35757100CBAB1C /* FNCCheckItemCell.m */ = {isa = PBXFileReference; fileEncoding = 4; lastKnownFileType = sourcecode.c.objc; path = FNCCheckItemCell.m; sourceTree = "<group>"; };
		716C68E61A35757100CBAB1C /* FNCCheckItemView.h */ = {isa = PBXFileReference; fileEncoding = 4; lastKnownFileType = sourcecode.c.h; path = FNCCheckItemView.h; sourceTree = "<group>"; };
		716C68E71A35757100CBAB1C /* FNCCheckItemView.m */ = {isa = PBXFileReference; fileEncoding = 4; lastKnownFileType = sourcecode.c.objc; path = FNCCheckItemView.m; sourceTree = "<group>"; };
		716C68E81A35757100CBAB1C /* FNCRoundButton.h */ = {isa = PBXFileReference; fileEncoding = 4; lastKnownFileType = sourcecode.c.h; path = FNCRoundButton.h; sourceTree = "<group>"; };
		716C68E91A35757100CBAB1C /* FNCRoundButton.m */ = {isa = PBXFileReference; fileEncoding = 4; lastKnownFileType = sourcecode.c.objc; path = FNCRoundButton.m; sourceTree = "<group>"; };
		716C68EA1A35757100CBAB1C /* MADBackgroundView.h */ = {isa = PBXFileReference; fileEncoding = 4; lastKnownFileType = sourcecode.c.h; path = MADBackgroundView.h; sourceTree = "<group>"; };
		716C68EB1A35757100CBAB1C /* MADBackgroundView.m */ = {isa = PBXFileReference; fileEncoding = 4; lastKnownFileType = sourcecode.c.objc; path = MADBackgroundView.m; sourceTree = "<group>"; };
		716C68EC1A35757100CBAB1C /* PieChartView.h */ = {isa = PBXFileReference; fileEncoding = 4; lastKnownFileType = sourcecode.c.h; path = PieChartView.h; sourceTree = "<group>"; };
		716C68ED1A35757100CBAB1C /* PieChartView.m */ = {isa = PBXFileReference; fileEncoding = 4; lastKnownFileType = sourcecode.c.objc; path = PieChartView.m; sourceTree = "<group>"; };
		B22D13CE13DBA50B00BEC1E0 /* AppLogo.png */ = {isa = PBXFileReference; lastKnownFileType = image.png; path = AppLogo.png; sourceTree = "<group>"; };
		B22D13CF13DBA50B00BEC1E0 /* FurnaceLogo.png */ = {isa = PBXFileReference; lastKnownFileType = image.png; path = FurnaceLogo.png; sourceTree = "<group>"; };
		B22D13D413DBAA1700BEC1E0 /* EntryIcon.png */ = {isa = PBXFileReference; lastKnownFileType = image.png; path = EntryIcon.png; sourceTree = "<group>"; };
		B232D25D13DC82EB0082D731 /* UIView+ImageOutput.h */ = {isa = PBXFileReference; fileEncoding = 4; lastKnownFileType = sourcecode.c.h; path = "UIView+ImageOutput.h"; sourceTree = "<group>"; };
		B232D25E13DC82EB0082D731 /* UIView+ImageOutput.m */ = {isa = PBXFileReference; fileEncoding = 4; lastKnownFileType = sourcecode.c.objc; path = "UIView+ImageOutput.m"; sourceTree = "<group>"; };
		B232D26013DD03CF0082D731 /* ColorPreset.plist */ = {isa = PBXFileReference; fileEncoding = 4; lastKnownFileType = text.plist.xml; path = ColorPreset.plist; sourceTree = "<group>"; };
		B27774C7139E3FBC00ADD035 /* MADDisc.app */ = {isa = PBXFileReference; explicitFileType = wrapper.application; includeInIndex = 0; path = MADDisc.app; sourceTree = BUILT_PRODUCTS_DIR; };
		B27774CB139E3FBC00ADD035 /* UIKit.framework */ = {isa = PBXFileReference; lastKnownFileType = wrapper.framework; name = UIKit.framework; path = System/Library/Frameworks/UIKit.framework; sourceTree = SDKROOT; };
		B27774CD139E3FBC00ADD035 /* Foundation.framework */ = {isa = PBXFileReference; lastKnownFileType = wrapper.framework; name = Foundation.framework; path = System/Library/Frameworks/Foundation.framework; sourceTree = SDKROOT; };
		B27774CF139E3FBC00ADD035 /* CoreGraphics.framework */ = {isa = PBXFileReference; lastKnownFileType = wrapper.framework; name = CoreGraphics.framework; path = System/Library/Frameworks/CoreGraphics.framework; sourceTree = SDKROOT; };
		B27774D1139E3FBC00ADD035 /* CoreData.framework */ = {isa = PBXFileReference; lastKnownFileType = wrapper.framework; name = CoreData.framework; path = System/Library/Frameworks/CoreData.framework; sourceTree = SDKROOT; };
		B27774D5139E3FBC00ADD035 /* MADDisc-Info.plist */ = {isa = PBXFileReference; lastKnownFileType = text.plist.xml; path = "MADDisc-Info.plist"; sourceTree = "<group>"; };
		B27774D9139E3FBC00ADD035 /* MADDisc-Prefix.pch */ = {isa = PBXFileReference; lastKnownFileType = sourcecode.c.h; path = "MADDisc-Prefix.pch"; sourceTree = "<group>"; };
		B27774DA139E3FBC00ADD035 /* main.m */ = {isa = PBXFileReference; lastKnownFileType = sourcecode.c.objc; path = main.m; sourceTree = "<group>"; };
		B27774DC139E3FBC00ADD035 /* MADDiscAppDelegate.h */ = {isa = PBXFileReference; lastKnownFileType = sourcecode.c.h; path = MADDiscAppDelegate.h; sourceTree = "<group>"; };
		B27774DD139E3FBC00ADD035 /* MADDiscAppDelegate.m */ = {isa = PBXFileReference; lastKnownFileType = sourcecode.c.objc; path = MADDiscAppDelegate.m; sourceTree = "<group>"; };
		B27774F8139E476E00ADD035 /* QuartzCore.framework */ = {isa = PBXFileReference; lastKnownFileType = wrapper.framework; name = QuartzCore.framework; path = System/Library/Frameworks/QuartzCore.framework; sourceTree = SDKROOT; };
		B287ADFB13C2DFA400A20D66 /* MADBackground.png */ = {isa = PBXFileReference; lastKnownFileType = image.png; path = MADBackground.png; sourceTree = "<group>"; };
		B294176C13D672650036FCFB /* AudioToolbox.framework */ = {isa = PBXFileReference; lastKnownFileType = wrapper.framework; name = AudioToolbox.framework; path = System/Library/Frameworks/AudioToolbox.framework; sourceTree = SDKROOT; };
		B294176E13D6726F0036FCFB /* MessageUI.framework */ = {isa = PBXFileReference; lastKnownFileType = wrapper.framework; name = MessageUI.framework; path = System/Library/Frameworks/MessageUI.framework; sourceTree = SDKROOT; };
		B294177013D672820036FCFB /* SystemConfiguration.framework */ = {isa = PBXFileReference; lastKnownFileType = wrapper.framework; name = SystemConfiguration.framework; path = System/Library/Frameworks/SystemConfiguration.framework; sourceTree = SDKROOT; };
		B2A2B88C13DDE631005163D6 /* en */ = {isa = PBXFileReference; lastKnownFileType = text.plist.strings; name = en; path = en.lproj/InfoPlist.strings; sourceTree = "<group>"; };
		B2A2B88E13DDE63C005163D6 /* zh-Hans */ = {isa = PBXFileReference; lastKnownFileType = text.plist.strings; name = "zh-Hans"; path = "zh-Hans.lproj/InfoPlist.strings"; sourceTree = "<group>"; };
		B2A2B88F13DDE63F005163D6 /* zh-Hant */ = {isa = PBXFileReference; lastKnownFileType = text.plist.strings; name = "zh-Hant"; path = "zh-Hant.lproj/InfoPlist.strings"; sourceTree = "<group>"; };
		B2BE1E6413DDE2F500245038 /* MainWindow.xib */ = {isa = PBXFileReference; lastKnownFileType = file.xib; path = MainWindow.xib; sourceTree = "<group>"; };
		B2D033C213D71BF100428DF9 /* en */ = {isa = PBXFileReference; lastKnownFileType = text.plist.strings; name = en; path = en.lproj/Localizable.strings; sourceTree = "<group>"; };
		B2D033C813D7260B00428DF9 /* zh-Hans */ = {isa = PBXFileReference; lastKnownFileType = text.plist.strings; name = "zh-Hans"; path = "zh-Hans.lproj/Localizable.strings"; sourceTree = "<group>"; };
		B2D033C913D7263100428DF9 /* zh-Hant */ = {isa = PBXFileReference; lastKnownFileType = text.plist.strings; name = "zh-Hant"; path = "zh-Hant.lproj/Localizable.strings"; sourceTree = "<group>"; };
		B2D033CB13D727C000428DF9 /* en */ = {isa = PBXFileReference; lastKnownFileType = text.plist.xml; name = en; path = en.lproj/UserSelectionDefault.plist; sourceTree = "<group>"; };
		B2D033CD13D727D100428DF9 /* zh-Hans */ = {isa = PBXFileReference; lastKnownFileType = text.plist.xml; name = "zh-Hans"; path = "zh-Hans.lproj/UserSelectionDefault.plist"; sourceTree = "<group>"; };
		B2D033CE13D72A3800428DF9 /* zh-Hant */ = {isa = PBXFileReference; lastKnownFileType = text.plist.xml; name = "zh-Hant"; path = "zh-Hant.lproj/UserSelectionDefault.plist"; sourceTree = "<group>"; };
		B2E2B95413DDC48C00F4CE84 /* LongHand001.png */ = {isa = PBXFileReference; lastKnownFileType = image.png; path = LongHand001.png; sourceTree = "<group>"; };
		B2E2B95613DDC4EA00F4CE84 /* LongHand003.png */ = {isa = PBXFileReference; lastKnownFileType = image.png; path = LongHand003.png; sourceTree = "<group>"; };
		B2E2B95713DDC4EA00F4CE84 /* LongHand002.png */ = {isa = PBXFileReference; lastKnownFileType = image.png; path = LongHand002.png; sourceTree = "<group>"; };
		B2F73FAC13DE815F0087BB73 /* Icon.png */ = {isa = PBXFileReference; lastKnownFileType = image.png; name = Icon.png; path = ../Icon.png; sourceTree = "<group>"; };
		B2F73FAE13DE816F0087BB73 /* Icon@2x.png */ = {isa = PBXFileReference; lastKnownFileType = image.png; name = "Icon@2x.png"; path = "../Icon@2x.png"; sourceTree = "<group>"; };
		B2F73FB013DE81D30087BB73 /* iTuneArtWork */ = {isa = PBXFileReference; lastKnownFileType = file; path = iTuneArtWork; sourceTree = "<group>"; };
		B2F73FB213DE82100087BB73 /* Default@2x.png */ = {isa = PBXFileReference; lastKnownFileType = image.png; name = "Default@2x.png"; path = "../Default@2x.png"; sourceTree = "<group>"; };
		B2F73FB413DE82170087BB73 /* Default.png */ = {isa = PBXFileReference; lastKnownFileType = image.png; name = Default.png; path = ../Default.png; sourceTree = "<group>"; };
		B2FEB5FB13D94E8B00BE3E8B /* SelectAll.png */ = {isa = PBXFileReference; lastKnownFileType = image.png; path = SelectAll.png; sourceTree = "<group>"; };
		B2FEB5FD13D94FB600BE3E8B /* FNCUnChecked@2x.png */ = {isa = PBXFileReference; lastKnownFileType = image.png; path = "FNCUnChecked@2x.png"; sourceTree = "<group>"; };
		B2FEB5FF13D94FEE00BE3E8B /* FNCChecked@2x.png */ = {isa = PBXFileReference; lastKnownFileType = image.png; path = "FNCChecked@2x.png"; sourceTree = "<group>"; };
		B2FEB60113D9511500BE3E8B /* GrayMinusCircle.png */ = {isa = PBXFileReference; lastKnownFileType = image.png; path = GrayMinusCircle.png; sourceTree = "<group>"; };
		B2FEB60513D953F900BE3E8B /* BluePlusCircle.png */ = {isa = PBXFileReference; lastKnownFileType = image.png; path = BluePlusCircle.png; sourceTree = "<group>"; };
		B2FEB60713D954F300BE3E8B /* GreenPlusCircle.png */ = {isa = PBXFileReference; lastKnownFileType = image.png; path = GreenPlusCircle.png; sourceTree = "<group>"; };
		B2FEB60813D954F300BE3E8B /* RedPlusCircle.png */ = {isa = PBXFileReference; lastKnownFileType = image.png; path = RedPlusCircle.png; sourceTree = "<group>"; };
/* End PBXFileReference section */

/* Begin PBXFrameworksBuildPhase section */
		B27774C4139E3FBC00ADD035 /* Frameworks */ = {
			isa = PBXFrameworksBuildPhase;
			buildActionMask = 2147483647;
			files = (
				B294177113D672820036FCFB /* SystemConfiguration.framework in Frameworks */,
				B294176F13D6726F0036FCFB /* MessageUI.framework in Frameworks */,
				B294176D13D672650036FCFB /* AudioToolbox.framework in Frameworks */,
				B27774F9139E476E00ADD035 /* QuartzCore.framework in Frameworks */,
				B27774CC139E3FBC00ADD035 /* UIKit.framework in Frameworks */,
				B27774CE139E3FBC00ADD035 /* Foundation.framework in Frameworks */,
				B27774D0139E3FBC00ADD035 /* CoreGraphics.framework in Frameworks */,
				B27774D2139E3FBC00ADD035 /* CoreData.framework in Frameworks */,
			);
			runOnlyForDeploymentPostprocessing = 0;
		};
/* End PBXFrameworksBuildPhase section */

/* Begin PBXGroup section */
		716C68C61A3573B000CBAB1C /* Controllers */ = {
			isa = PBXGroup;
			children = (
				716C68C91A35754E00CBAB1C /* AnimatingViewController.h */,
				716C68CA1A35754E00CBAB1C /* AnimatingViewController.m */,
				716C68CB1A35754E00CBAB1C /* AnimatingViewController.xib */,
				716C68CC1A35754E00CBAB1C /* BackListViewController.h */,
				716C68CD1A35754E00CBAB1C /* BackListViewController.m */,
				716C68CE1A35754E00CBAB1C /* BackListViewController.xib */,
				716C68CF1A35754E00CBAB1C /* FNCCALayerDrawingDelegate.h */,
				716C68D01A35754E00CBAB1C /* FNCCALayerDrawingDelegate.m */,
				716C68D11A35754E00CBAB1C /* FNCPieGraphController.h */,
				716C68D21A35754E00CBAB1C /* FNCPieGraphController.m */,
				716C68D31A35754E00CBAB1C /* TextInputViewController.h */,
				716C68D41A35754E00CBAB1C /* TextInputViewController.m */,
			);
			path = Controllers;
			sourceTree = "<group>";
		};
		716C68C71A3573B000CBAB1C /* Models */ = {
			isa = PBXGroup;
			children = (
				716C68DC1A35756100CBAB1C /* Decision.h */,
				716C68DD1A35756100CBAB1C /* Decision.m */,
				716C68DE1A35756100CBAB1C /* MADDisc.xcdatamodeld */,
			);
			path = Models;
			sourceTree = "<group>";
		};
		716C68C81A3573B000CBAB1C /* View */ = {
			isa = PBXGroup;
			children = (
				716C68E21A35757100CBAB1C /* AnimationView.h */,
				716C68E31A35757100CBAB1C /* AnimationView.m */,
				716C68E41A35757100CBAB1C /* FNCCheckItemCell.h */,
				716C68E51A35757100CBAB1C /* FNCCheckItemCell.m */,
				716C68E61A35757100CBAB1C /* FNCCheckItemView.h */,
				716C68E71A35757100CBAB1C /* FNCCheckItemView.m */,
				716C68E81A35757100CBAB1C /* FNCRoundButton.h */,
				716C68E91A35757100CBAB1C /* FNCRoundButton.m */,
				716C68EA1A35757100CBAB1C /* MADBackgroundView.h */,
				716C68EB1A35757100CBAB1C /* MADBackgroundView.m */,
				716C68EC1A35757100CBAB1C /* PieChartView.h */,
				716C68ED1A35757100CBAB1C /* PieChartView.m */,
			);
			path = View;
			sourceTree = "<group>";
		};
		B232D25C13DC82B20082D731 /* Libraries */ = {
			isa = PBXGroup;
			children = (
				B232D25D13DC82EB0082D731 /* UIView+ImageOutput.h */,
				B232D25E13DC82EB0082D731 /* UIView+ImageOutput.m */,
			);
			path = Libraries;
			sourceTree = "<group>";
		};
		B27774BC139E3FBC00ADD035 = {
			isa = PBXGroup;
			children = (
				B2F73FB013DE81D30087BB73 /* iTuneArtWork */,
				B27774D3139E3FBC00ADD035 /* MADDisc */,
				B27774CA139E3FBC00ADD035 /* Frameworks */,
				B27774C8139E3FBC00ADD035 /* Products */,
			);
			sourceTree = "<group>";
		};
		B27774C8139E3FBC00ADD035 /* Products */ = {
			isa = PBXGroup;
			children = (
				B27774C7139E3FBC00ADD035 /* MADDisc.app */,
			);
			name = Products;
			sourceTree = "<group>";
		};
		B27774CA139E3FBC00ADD035 /* Frameworks */ = {
			isa = PBXGroup;
			children = (
				B294177013D672820036FCFB /* SystemConfiguration.framework */,
				B294176E13D6726F0036FCFB /* MessageUI.framework */,
				B294176C13D672650036FCFB /* AudioToolbox.framework */,
				B27774F8139E476E00ADD035 /* QuartzCore.framework */,
				B27774CB139E3FBC00ADD035 /* UIKit.framework */,
				B27774CD139E3FBC00ADD035 /* Foundation.framework */,
				B27774CF139E3FBC00ADD035 /* CoreGraphics.framework */,
				B27774D1139E3FBC00ADD035 /* CoreData.framework */,
			);
			name = Frameworks;
			sourceTree = "<group>";
		};
		B27774D3139E3FBC00ADD035 /* MADDisc */ = {
			isa = PBXGroup;
			children = (
				B27774DC139E3FBC00ADD035 /* MADDiscAppDelegate.h */,
				B27774DD139E3FBC00ADD035 /* MADDiscAppDelegate.m */,
				B2BE1E6413DDE2F500245038 /* MainWindow.xib */,
				716C68C61A3573B000CBAB1C /* Controllers */,
				716C68C71A3573B000CBAB1C /* Models */,
				716C68C81A3573B000CBAB1C /* View */,
				B232D25C13DC82B20082D731 /* Libraries */,
				B27774F7139E474400ADD035 /* Resources */,
				B27774D4139E3FBC00ADD035 /* Supporting Files */,
			);
			path = MADDisc;
			sourceTree = "<group>";
		};
		B27774D4139E3FBC00ADD035 /* Supporting Files */ = {
			isa = PBXGroup;
			children = (
				B2D033C113D71BF100428DF9 /* Localizable.strings */,
				B2D033CC13D727C000428DF9 /* UserSelectionDefault.plist */,
				B27774D5139E3FBC00ADD035 /* MADDisc-Info.plist */,
				B27774D9139E3FBC00ADD035 /* MADDisc-Prefix.pch */,
				B27774DA139E3FBC00ADD035 /* main.m */,
				B232D26013DD03CF0082D731 /* ColorPreset.plist */,
				B2A2B88D13DDE631005163D6 /* InfoPlist.strings */,
			);
			name = "Supporting Files";
			sourceTree = "<group>";
		};
		B27774F7139E474400ADD035 /* Resources */ = {
			isa = PBXGroup;
			children = (
				B287ADFF13C2DFAC00A20D66 /* Images and Background */,
			);
			name = Resources;
			sourceTree = "<group>";
		};
		B287ADFF13C2DFAC00A20D66 /* Images and Background */ = {
			isa = PBXGroup;
			children = (
				B2F73FB413DE82170087BB73 /* Default.png */,
				B2F73FB213DE82100087BB73 /* Default@2x.png */,
				B2F73FAE13DE816F0087BB73 /* Icon@2x.png */,
				B2F73FAC13DE815F0087BB73 /* Icon.png */,
				B2FEB5FB13D94E8B00BE3E8B /* SelectAll.png */,
				B2FEB60513D953F900BE3E8B /* BluePlusCircle.png */,
				B2FEB60113D9511500BE3E8B /* GrayMinusCircle.png */,
				B2FEB60713D954F300BE3E8B /* GreenPlusCircle.png */,
				B2FEB60813D954F300BE3E8B /* RedPlusCircle.png */,
				B2FEB5FD13D94FB600BE3E8B /* FNCUnChecked@2x.png */,
				B2FEB5FF13D94FEE00BE3E8B /* FNCChecked@2x.png */,
				B22D13D413DBAA1700BEC1E0 /* EntryIcon.png */,
				B2E2B95413DDC48C00F4CE84 /* LongHand001.png */,
				B2E2B95713DDC4EA00F4CE84 /* LongHand002.png */,
				B2E2B95613DDC4EA00F4CE84 /* LongHand003.png */,
				B22D13CE13DBA50B00BEC1E0 /* AppLogo.png */,
				B22D13CF13DBA50B00BEC1E0 /* FurnaceLogo.png */,
				B287ADFB13C2DFA400A20D66 /* MADBackground.png */,
			);
			name = "Images and Background";
			sourceTree = "<group>";
		};
/* End PBXGroup section */

/* Begin PBXNativeTarget section */
		B27774C6139E3FBC00ADD035 /* MADDisc */ = {
			isa = PBXNativeTarget;
			buildConfigurationList = B27774E7139E3FBC00ADD035 /* Build configuration list for PBXNativeTarget "MADDisc" */;
			buildPhases = (
				B27774C3139E3FBC00ADD035 /* Sources */,
				B27774C4139E3FBC00ADD035 /* Frameworks */,
				B27774C5139E3FBC00ADD035 /* Resources */,
			);
			buildRules = (
			);
			dependencies = (
			);
			name = MADDisc;
			productName = MADDisc;
			productReference = B27774C7139E3FBC00ADD035 /* MADDisc.app */;
			productType = "com.apple.product-type.application";
		};
/* End PBXNativeTarget section */

/* Begin PBXProject section */
		B27774BE139E3FBC00ADD035 /* Project object */ = {
			isa = PBXProject;
			attributes = {
				LastUpgradeCheck = 0450;
				ORGANIZATIONNAME = "Furnace 鑫穎數位工作室";
			};
			buildConfigurationList = B27774C1139E3FBC00ADD035 /* Build configuration list for PBXProject "MADDisc" */;
			compatibilityVersion = "Xcode 3.2";
			developmentRegion = English;
			hasScannedForEncodings = 0;
			knownRegions = (
				en,
				"zh-Hans",
				"zh-Hant",
				"zh-Hant-TW",
				"zh-Hans-CN",
			);
			mainGroup = B27774BC139E3FBC00ADD035;
			productRefGroup = B27774C8139E3FBC00ADD035 /* Products */;
			projectDirPath = "";
			projectRoot = "";
			targets = (
				B27774C6139E3FBC00ADD035 /* MADDisc */,
			);
		};
/* End PBXProject section */

/* Begin PBXResourcesBuildPhase section */
		B27774C5139E3FBC00ADD035 /* Resources */ = {
			isa = PBXResourcesBuildPhase;
			buildActionMask = 2147483647;
			files = (
				B2BE1E6313DDE2F500245038 /* MainWindow.xib in Resources */,
				B287ADFD13C2DFA400A20D66 /* MADBackground.png in Resources */,
				B2D033CA13D727C000428DF9 /* UserSelectionDefault.plist in Resources */,
				B2D033C313D71BF100428DF9 /* Localizable.strings in Resources */,
				B2FEB5FC13D94E8B00BE3E8B /* SelectAll.png in Resources */,
				B2FEB5FE13D94FB700BE3E8B /* FNCUnChecked@2x.png in Resources */,
				B2FEB60013D94FEE00BE3E8B /* FNCChecked@2x.png in Resources */,
				B2FEB60213D9511500BE3E8B /* GrayMinusCircle.png in Resources */,
				B2FEB60613D953FA00BE3E8B /* BluePlusCircle.png in Resources */,
				B2FEB60913D954F300BE3E8B /* GreenPlusCircle.png in Resources */,
				B2FEB60A13D954F300BE3E8B /* RedPlusCircle.png in Resources */,
				B22D13D013DBA50B00BEC1E0 /* AppLogo.png in Resources */,
				B22D13D113DBA50B00BEC1E0 /* FurnaceLogo.png in Resources */,
				B22D13D513DBAA1700BEC1E0 /* EntryIcon.png in Resources */,
				716C68D61A35754E00CBAB1C /* AnimatingViewController.xib in Resources */,
				B232D26113DD03CF0082D731 /* ColorPreset.plist in Resources */,
				B2E2B95513DDC48C00F4CE84 /* LongHand001.png in Resources */,
				B2E2B95813DDC4EA00F4CE84 /* LongHand003.png in Resources */,
				B2E2B95913DDC4EA00F4CE84 /* LongHand002.png in Resources */,
				B2A2B88B13DDE631005163D6 /* InfoPlist.strings in Resources */,
				B2F73FAD13DE815F0087BB73 /* Icon.png in Resources */,
				B2F73FAF13DE816F0087BB73 /* Icon@2x.png in Resources */,
				B2F73FB113DE81D30087BB73 /* iTuneArtWork in Resources */,
				716C68D81A35754E00CBAB1C /* BackListViewController.xib in Resources */,
				B2F73FB313DE82100087BB73 /* Default@2x.png in Resources */,
				B2F73FB513DE82170087BB73 /* Default.png in Resources */,
			);
			runOnlyForDeploymentPostprocessing = 0;
		};
/* End PBXResourcesBuildPhase section */

/* Begin PBXSourcesBuildPhase section */
		B27774C3139E3FBC00ADD035 /* Sources */ = {
			isa = PBXSourcesBuildPhase;
			buildActionMask = 2147483647;
			files = (
				716C68D51A35754E00CBAB1C /* AnimatingViewController.m in Sources */,
				B27774DB139E3FBC00ADD035 /* main.m in Sources */,
				716C68D91A35754E00CBAB1C /* FNCCALayerDrawingDelegate.m in Sources */,
				B27774DE139E3FBC00ADD035 /* MADDiscAppDelegate.m in Sources */,
				716C68DA1A35754E00CBAB1C /* FNCPieGraphController.m in Sources */,
				716C68EF1A35757100CBAB1C /* FNCCheckItemCell.m in Sources */,
				B232D25F13DC82EB0082D731 /* UIView+ImageOutput.m in Sources */,
				716C68E11A35756100CBAB1C /* MADDisc.xcdatamodeld in Sources */,
				716C68E01A35756100CBAB1C /* Decision.m in Sources */,
				716C68EE1A35757100CBAB1C /* AnimationView.m in Sources */,
				716C68F21A35757100CBAB1C /* MADBackgroundView.m in Sources */,
				716C68DB1A35754E00CBAB1C /* TextInputViewController.m in Sources */,
				716C68F11A35757100CBAB1C /* FNCRoundButton.m in Sources */,
				716C68F01A35757100CBAB1C /* FNCCheckItemView.m in Sources */,
				716C68D71A35754E00CBAB1C /* BackListViewController.m in Sources */,
				716C68F31A35757100CBAB1C /* PieChartView.m in Sources */,
			);
			runOnlyForDeploymentPostprocessing = 0;
		};
/* End PBXSourcesBuildPhase section */

/* Begin PBXVariantGroup section */
		B2A2B88D13DDE631005163D6 /* InfoPlist.strings */ = {
			isa = PBXVariantGroup;
			children = (
				B2A2B88C13DDE631005163D6 /* en */,
				B2A2B88E13DDE63C005163D6 /* zh-Hans */,
				B2A2B88F13DDE63F005163D6 /* zh-Hant */,
			);
			name = InfoPlist.strings;
			sourceTree = "<group>";
		};
		B2D033C113D71BF100428DF9 /* Localizable.strings */ = {
			isa = PBXVariantGroup;
			children = (
				B2D033C213D71BF100428DF9 /* en */,
				B2D033C813D7260B00428DF9 /* zh-Hans */,
				B2D033C913D7263100428DF9 /* zh-Hant */,
			);
			name = Localizable.strings;
			sourceTree = "<group>";
		};
		B2D033CC13D727C000428DF9 /* UserSelectionDefault.plist */ = {
			isa = PBXVariantGroup;
			children = (
				B2D033CB13D727C000428DF9 /* en */,
				B2D033CD13D727D100428DF9 /* zh-Hans */,
				B2D033CE13D72A3800428DF9 /* zh-Hant */,
			);
			name = UserSelectionDefault.plist;
			sourceTree = "<group>";
		};
/* End PBXVariantGroup section */

/* Begin XCBuildConfiguration section */
		B27774E5139E3FBC00ADD035 /* Debug */ = {
			isa = XCBuildConfiguration;
			buildSettings = {
				ARCHS = "$(ARCHS_STANDARD_32_BIT)";
				"CODE_SIGN_IDENTITY[sdk=iphoneos*]" = "iPhone Developer";
				GCC_C_LANGUAGE_STANDARD = gnu99;
				GCC_OPTIMIZATION_LEVEL = 0;
				GCC_PREPROCESSOR_DEFINITIONS = DEBUG;
				GCC_SYMBOLS_PRIVATE_EXTERN = NO;
				GCC_VERSION = com.apple.compilers.llvmgcc42;
				GCC_WARN_ABOUT_RETURN_TYPE = YES;
				GCC_WARN_UNUSED_VARIABLE = YES;
				IPHONEOS_DEPLOYMENT_TARGET = 4.3;
				SDKROOT = iphoneos;
			};
			name = Debug;
		};
		B27774E6139E3FBC00ADD035 /* Release */ = {
			isa = XCBuildConfiguration;
			buildSettings = {
				ARCHS = "$(ARCHS_STANDARD_32_BIT)";
				"CODE_SIGN_IDENTITY[sdk=iphoneos*]" = "iPhone Developer";
				GCC_C_LANGUAGE_STANDARD = gnu99;
				GCC_VERSION = com.apple.compilers.llvmgcc42;
				GCC_WARN_ABOUT_RETURN_TYPE = YES;
				GCC_WARN_UNUSED_VARIABLE = YES;
				IPHONEOS_DEPLOYMENT_TARGET = 4.3;
				OTHER_CFLAGS = "-DNS_BLOCK_ASSERTIONS=1";
				SDKROOT = iphoneos;
			};
			name = Release;
		};
		B27774E8139E3FBC00ADD035 /* Debug */ = {
			isa = XCBuildConfiguration;
			buildSettings = {
				ALWAYS_SEARCH_USER_PATHS = NO;
				CODE_SIGN_IDENTITY = "iPhone Developer";
				"CODE_SIGN_IDENTITY[sdk=iphoneos*]" = "iPhone Developer";
				COPY_PHASE_STRIP = NO;
				GCC_DYNAMIC_NO_PIC = NO;
				GCC_PRECOMPILE_PREFIX_HEADER = YES;
				GCC_PREFIX_HEADER = "MADDisc/MADDisc-Prefix.pch";
				GCC_VERSION = com.apple.compilers.llvm.clang.1_0;
				INFOPLIST_FILE = "MADDisc/MADDisc-Info.plist";
				IPHONEOS_DEPLOYMENT_TARGET = 5.0;
				LIBRARY_SEARCH_PATHS = (
					"$(inherited)",
					"\"$(SRCROOT)\"",
				);
				PRODUCT_NAME = "$(TARGET_NAME)";
				PROVISIONING_PROFILE = "";
				"PROVISIONING_PROFILE[sdk=iphoneos*]" = "";
				VALID_ARCHS = armv7;
				WRAPPER_EXTENSION = app;
			};
			name = Debug;
		};
		B27774E9139E3FBC00ADD035 /* Release */ = {
			isa = XCBuildConfiguration;
			buildSettings = {
				ALWAYS_SEARCH_USER_PATHS = NO;
				CODE_SIGN_IDENTITY = "iPhone Developer";
				"CODE_SIGN_IDENTITY[sdk=iphoneos*]" = "iPhone Developer";
				COPY_PHASE_STRIP = YES;
				GCC_PRECOMPILE_PREFIX_HEADER = YES;
				GCC_PREFIX_HEADER = "MADDisc/MADDisc-Prefix.pch";
				GCC_VERSION = com.apple.compilers.llvm.clang.1_0;
				INFOPLIST_FILE = "MADDisc/MADDisc-Info.plist";
				IPHONEOS_DEPLOYMENT_TARGET = 5.0;
				LIBRARY_SEARCH_PATHS = (
					"$(inherited)",
					"\"$(SRCROOT)\"",
				);
				PRODUCT_NAME = "$(TARGET_NAME)";
				PROVISIONING_PROFILE = "";
				"PROVISIONING_PROFILE[sdk=iphoneos*]" = "";
				VALIDATE_PRODUCT = YES;
				VALID_ARCHS = armv7;
				WRAPPER_EXTENSION = app;
			};
			name = Release;
		};
/* End XCBuildConfiguration section */

/* Begin XCConfigurationList section */
		B27774C1139E3FBC00ADD035 /* Build configuration list for PBXProject "MADDisc" */ = {
			isa = XCConfigurationList;
			buildConfigurations = (
				B27774E5139E3FBC00ADD035 /* Debug */,
				B27774E6139E3FBC00ADD035 /* Release */,
			);
			defaultConfigurationIsVisible = 0;
			defaultConfigurationName = Release;
		};
		B27774E7139E3FBC00ADD035 /* Build configuration list for PBXNativeTarget "MADDisc" */ = {
			isa = XCConfigurationList;
			buildConfigurations = (
				B27774E8139E3FBC00ADD035 /* Debug */,
				B27774E9139E3FBC00ADD035 /* Release */,
			);
			defaultConfigurationIsVisible = 0;
			defaultConfigurationName = Release;
		};
/* End XCConfigurationList section */

/* Begin XCVersionGroup section */
		716C68DE1A35756100CBAB1C /* MADDisc.xcdatamodeld */ = {
			isa = XCVersionGroup;
			children = (
				716C68DF1A35756100CBAB1C /* MADDisc.xcdatamodel */,
			);
			currentVersion = 716C68DF1A35756100CBAB1C /* MADDisc.xcdatamodel */;
			path = MADDisc.xcdatamodeld;
			sourceTree = "<group>";
			versionGroupType = wrapper.xcdatamodel;
		};
/* End XCVersionGroup section */
	};
	rootObject = B27774BE139E3FBC00ADD035 /* Project object */;
}
